
Microsoft Visual Studio Solution File, Format Version 12.00
# Visual Studio Version 16
VisualStudioVersion = 16.0.31515.178
MinimumVisualStudioVersion = 10.0.40219.1
Project("{FAE04EC0-301F-11D3-BF4B-00C04F79EFBC}") = "MükemmelSayi1", "MükemmelSayi1\MükemmelSayi1.csproj", "{81C0A85D-C911-4536-82B1-5394B46B8568}"
EndProject
Global
	GlobalSection(SolutionConfigurationPlatforms) = preSolution
		Debug|Any CPU = Debug|Any CPU
		Release|Any CPU = Release|Any CPU
	EndGlobalSection
	GlobalSection(ProjectConfigurationPlatforms) = postSolution
		{81C0A85D-C911-4536-82B1-5394B46B8568}.Debug|Any CPU.ActiveCfg = Debug|Any CPU
		{81C0A85D-C911-4536-82B1-5394B46B8568}.Debug|Any CPU.Build.0 = Debug|Any CPU
		{81C0A85D-C911-4536-82B1-5394B46B8568}.Release|Any CPU.ActiveCfg = Release|Any CPU
		{81C0A85D-C911-4536-82B1-5394B46B8568}.Release|Any CPU.Build.0 = Release|Any CPU
	EndGlobalSection
	GlobalSection(SolutionProperties) = preSolution
		HideSolutionNode = FALSE
	EndGlobalSection
	GlobalSection(ExtensibilityGlobals) = postSolution
		SolutionGuid = {67A5807B-6FCB-4932-8AD3-9EE30F430D7E}
	EndGlobalSection
EndGlobal
